
Microsoft Visual Studio Solution File, Format Version 12.00
# Visual Studio Version 16
VisualStudioVersion = 16.0.30611.23
MinimumVisualStudioVersion = 10.0.40219.1
Project("{FAE04EC0-301F-11D3-BF4B-00C04F79EFBC}") = "Assignment_sorting", "Assignment_sorting.csproj", "{C8C4BDB3-7E63-42E9-8BD6-9C214CE696E8}"
EndProject
Global
	GlobalSection(SolutionConfigurationPlatforms) = preSolution
		Debug|Any CPU = Debug|Any CPU
		Release|Any CPU = Release|Any CPU
	EndGlobalSection
	GlobalSection(ProjectConfigurationPlatforms) = postSolution
		{C8C4BDB3-7E63-42E9-8BD6-9C214CE696E8}.Debug|Any CPU.ActiveCfg = Debug|Any CPU
		{C8C4BDB3-7E63-42E9-8BD6-9C214CE696E8}.Debug|Any CPU.Build.0 = Debug|Any CPU
		{C8C4BDB3-7E63-42E9-8BD6-9C214CE696E8}.Release|Any CPU.ActiveCfg = Release|Any CPU
		{C8C4BDB3-7E63-42E9-8BD6-9C214CE696E8}.Release|Any CPU.Build.0 = Release|Any CPU
	EndGlobalSection
	GlobalSection(SolutionProperties) = preSolution
		HideSolutionNode = FALSE
	EndGlobalSection
	GlobalSection(ExtensibilityGlobals) = postSolution
		SolutionGuid = {37678276-BB6E-4155-B09F-AC429D69CB6D}
	EndGlobalSection
EndGlobal
